
Microsoft Visual Studio Solution File, Format Version 12.00
# Visual Studio Version 16
VisualStudioVersion = 16.0.30114.105
MinimumVisualStudioVersion = 10.0.40219.1
Project("{2150E333-8FDC-42A3-9474-1A3956D46DE8}") = "src", "src", "{CED09A6E-8413-48EB-ABCF-D461D54E1A9A}"
EndProject
Project("{FAE04EC0-301F-11D3-BF4B-00C04F79EFBC}") = "HashCode", "src\HashCode\HashCode.csproj", "{1CD2369E-9176-4829-9280-34D78F39B36D}"
EndProject
Project("{2150E333-8FDC-42A3-9474-1A3956D46DE8}") = "test", "test", "{8E0FA652-1A86-476B-93F6-7C92CE9B04DB}"
EndProject
Project("{FAE04EC0-301F-11D3-BF4B-00C04F79EFBC}") = "HashCode.Tests", "test\HashCode.Tests\HashCode.Tests.csproj", "{FD2929BF-16F3-4DB3-987B-27F7FB65E26F}"
EndProject
Global
	GlobalSection(SolutionConfigurationPlatforms) = preSolution
		Debug|Any CPU = Debug|Any CPU
		Release|Any CPU = Release|Any CPU
	EndGlobalSection
	GlobalSection(SolutionProperties) = preSolution
		HideSolutionNode = FALSE
	EndGlobalSection
	GlobalSection(ProjectConfigurationPlatforms) = postSolution
		{1CD2369E-9176-4829-9280-34D78F39B36D}.Debug|Any CPU.ActiveCfg = Debug|Any CPU
		{1CD2369E-9176-4829-9280-34D78F39B36D}.Debug|Any CPU.Build.0 = Debug|Any CPU
		{1CD2369E-9176-4829-9280-34D78F39B36D}.Release|Any CPU.ActiveCfg = Release|Any CPU
		{1CD2369E-9176-4829-9280-34D78F39B36D}.Release|Any CPU.Build.0 = Release|Any CPU
		{FD2929BF-16F3-4DB3-987B-27F7FB65E26F}.Debug|Any CPU.ActiveCfg = Debug|Any CPU
		{FD2929BF-16F3-4DB3-987B-27F7FB65E26F}.Debug|Any CPU.Build.0 = Debug|Any CPU
		{FD2929BF-16F3-4DB3-987B-27F7FB65E26F}.Release|Any CPU.ActiveCfg = Release|Any CPU
		{FD2929BF-16F3-4DB3-987B-27F7FB65E26F}.Release|Any CPU.Build.0 = Release|Any CPU
	EndGlobalSection
	GlobalSection(NestedProjects) = preSolution
		{1CD2369E-9176-4829-9280-34D78F39B36D} = {CED09A6E-8413-48EB-ABCF-D461D54E1A9A}
		{FD2929BF-16F3-4DB3-987B-27F7FB65E26F} = {8E0FA652-1A86-476B-93F6-7C92CE9B04DB}
	EndGlobalSection
EndGlobal
